
Microsoft Visual Studio Solution File, Format Version 12.00
# Visual Studio Version 17
VisualStudioVersion = 17.5.33502.453
MinimumVisualStudioVersion = 10.0.40219.1
Project("{FAE04EC0-301F-11D3-BF4B-00C04F79EFBC}") = "Interfaces", "Interfaces\Interfaces.csproj", "{52F11BF7-842C-423E-AB6A-88BA33943569}"
EndProject
Project("{FAE04EC0-301F-11D3-BF4B-00C04F79EFBC}") = "InterfaceDemo", "InterfaceDemo\InterfaceDemo.csproj", "{5532BA5E-F735-49C2-8854-9E772574FE1A}"
EndProject
Global
	GlobalSection(SolutionConfigurationPlatforms) = preSolution
		Debug|Any CPU = Debug|Any CPU
		Release|Any CPU = Release|Any CPU
	EndGlobalSection
	GlobalSection(ProjectConfigurationPlatforms) = postSolution
		{52F11BF7-842C-423E-AB6A-88BA33943569}.Debug|Any CPU.ActiveCfg = Debug|Any CPU
		{52F11BF7-842C-423E-AB6A-88BA33943569}.Debug|Any CPU.Build.0 = Debug|Any CPU
		{52F11BF7-842C-423E-AB6A-88BA33943569}.Release|Any CPU.ActiveCfg = Release|Any CPU
		{52F11BF7-842C-423E-AB6A-88BA33943569}.Release|Any CPU.Build.0 = Release|Any CPU
		{5532BA5E-F735-49C2-8854-9E772574FE1A}.Debug|Any CPU.ActiveCfg = Debug|Any CPU
		{5532BA5E-F735-49C2-8854-9E772574FE1A}.Debug|Any CPU.Build.0 = Debug|Any CPU
		{5532BA5E-F735-49C2-8854-9E772574FE1A}.Release|Any CPU.ActiveCfg = Release|Any CPU
		{5532BA5E-F735-49C2-8854-9E772574FE1A}.Release|Any CPU.Build.0 = Release|Any CPU
	EndGlobalSection
	GlobalSection(SolutionProperties) = preSolution
		HideSolutionNode = FALSE
	EndGlobalSection
	GlobalSection(ExtensibilityGlobals) = postSolution
		SolutionGuid = {486DC404-D0FF-4B33-AACF-FDC099C36E2D}
	EndGlobalSection
EndGlobal
